
Microsoft Visual Studio Solution File, Format Version 12.00
# Visual Studio Version 17
VisualStudioVersion = 17.4.33213.308
MinimumVisualStudioVersion = 10.0.40219.1
Project("{FAE04EC0-301F-11D3-BF4B-00C04F79EFBC}") = "DigitalSignature", "DigitalSignature\DigitalSignature.csproj", "{AAAA06DF-22E9-41EE-9784-5D595D5D17B6}"
EndProject
Global
	GlobalSection(SolutionConfigurationPlatforms) = preSolution
		Debug|Any CPU = Debug|Any CPU
		Release|Any CPU = Release|Any CPU
	EndGlobalSection
	GlobalSection(ProjectConfigurationPlatforms) = postSolution
		{AAAA06DF-22E9-41EE-9784-5D595D5D17B6}.Debug|Any CPU.ActiveCfg = Debug|Any CPU
		{AAAA06DF-22E9-41EE-9784-5D595D5D17B6}.Debug|Any CPU.Build.0 = Debug|Any CPU
		{AAAA06DF-22E9-41EE-9784-5D595D5D17B6}.Release|Any CPU.ActiveCfg = Release|Any CPU
		{AAAA06DF-22E9-41EE-9784-5D595D5D17B6}.Release|Any CPU.Build.0 = Release|Any CPU
	EndGlobalSection
	GlobalSection(SolutionProperties) = preSolution
		HideSolutionNode = FALSE
	EndGlobalSection
	GlobalSection(ExtensibilityGlobals) = postSolution
		SolutionGuid = {AB9C42F0-5CAA-481F-9060-BAE0340ADBB0}
	EndGlobalSection
EndGlobal
